
Microsoft Visual Studio Solution File, Format Version 12.00
# Visual Studio Version 17
VisualStudioVersion = 17.6.33815.320
MinimumVisualStudioVersion = 10.0.40219.1
Project("{FAE04EC0-301F-11D3-BF4B-00C04F79EFBC}") = "Creating walls_Ducts_pipes", "Creating walls_Ducts_pipes\Creating walls_Ducts_pipes.csproj", "{984D56AF-7877-40DA-BA77-F6E69A06C51D}"
EndProject
Global
	GlobalSection(SolutionConfigurationPlatforms) = preSolution
		Debug|Any CPU = Debug|Any CPU
		Release|Any CPU = Release|Any CPU
	EndGlobalSection
	GlobalSection(ProjectConfigurationPlatforms) = postSolution
		{984D56AF-7877-40DA-BA77-F6E69A06C51D}.Debug|Any CPU.ActiveCfg = Debug|Any CPU
		{984D56AF-7877-40DA-BA77-F6E69A06C51D}.Debug|Any CPU.Build.0 = Debug|Any CPU
		{984D56AF-7877-40DA-BA77-F6E69A06C51D}.Release|Any CPU.ActiveCfg = Release|Any CPU
		{984D56AF-7877-40DA-BA77-F6E69A06C51D}.Release|Any CPU.Build.0 = Release|Any CPU
	EndGlobalSection
	GlobalSection(SolutionProperties) = preSolution
		HideSolutionNode = FALSE
	EndGlobalSection
	GlobalSection(ExtensibilityGlobals) = postSolution
		SolutionGuid = {40E48E31-DFC2-44F7-BAAC-A892489FE3A1}
	EndGlobalSection
EndGlobal
